// !$*UTF8*$!
{
	archiveVersion = 1;
	classes = {
	};
	objectVersion = 56;
	objects = {

/* Begin PBXBuildFile section */
		B62EEADF29272EB9009CCB37 /* ProductDetailView.swift in Sources */ = {isa = PBXBuildFile; fileRef = B62EEADE29272EB9009CCB37 /* ProductDetailView.swift */; };
		B62EEAE229275D83009CCB37 /* FirebaseAuth in Frameworks */ = {isa = PBXBuildFile; productRef = B62EEAE129275D83009CCB37 /* FirebaseAuth */; };
		B62EEAE429275D83009CCB37 /* FirebaseFirestore in Frameworks */ = {isa = PBXBuildFile; productRef = B62EEAE329275D83009CCB37 /* FirebaseFirestore */; };
		B62EEAE629275D83009CCB37 /* FirebaseStorage in Frameworks */ = {isa = PBXBuildFile; productRef = B62EEAE529275D83009CCB37 /* FirebaseStorage */; };
		B636B4902924BCFA00C55953 /* OnlineShopApp.swift in Sources */ = {isa = PBXBuildFile; fileRef = B636B48F2924BCFA00C55953 /* OnlineShopApp.swift */; };
		B636B4922924BCFA00C55953 /* OnlineShopView.swift in Sources */ = {isa = PBXBuildFile; fileRef = B636B4912924BCFA00C55953 /* OnlineShopView.swift */; };
		B636B4942924BCFC00C55953 /* Assets.xcassets in Resources */ = {isa = PBXBuildFile; fileRef = B636B4932924BCFC00C55953 /* Assets.xcassets */; };
		B636B4972924BCFC00C55953 /* Preview Assets.xcassets in Resources */ = {isa = PBXBuildFile; fileRef = B636B4962924BCFC00C55953 /* Preview Assets.xcassets */; };
		B636B49E2924BE6500C55953 /* ColorTheme.swift in Sources */ = {isa = PBXBuildFile; fileRef = B636B49D2924BE6500C55953 /* ColorTheme.swift */; };
		B64F7963292AFC44009D8897 /* GoogleService-Info.plist in Resources */ = {isa = PBXBuildFile; fileRef = B64F7962292AFC44009D8897 /* GoogleService-Info.plist */; };
		B64F7965292AFC5C009D8897 /* ProductDataService.swift in Sources */ = {isa = PBXBuildFile; fileRef = B64F7964292AFC5C009D8897 /* ProductDataService.swift */; };
		B64F7967292B1FAC009D8897 /* ProductImageService.swift in Sources */ = {isa = PBXBuildFile; fileRef = B64F7966292B1FAC009D8897 /* ProductImageService.swift */; };
		B65E8FDA2942E1C10021ADA5 /* DragButton.swift in Sources */ = {isa = PBXBuildFile; fileRef = B65E8FD92942E1C10021ADA5 /* DragButton.swift */; };
		B65E8FDC2942FAA40021ADA5 /* UploadNewProductView.swift in Sources */ = {isa = PBXBuildFile; fileRef = B65E8FDB2942FAA40021ADA5 /* UploadNewProductView.swift */; };
		B665AEC2292718D20068BD38 /* ShopModel.swift in Sources */ = {isa = PBXBuildFile; fileRef = B665AEC1292718D20068BD38 /* ShopModel.swift */; };
		B665AEC42927196E0068BD38 /* ShopViewModel.swift in Sources */ = {isa = PBXBuildFile; fileRef = B665AEC32927196E0068BD38 /* ShopViewModel.swift */; };
		B665AEC629271C4B0068BD38 /* Settings.swift in Sources */ = {isa = PBXBuildFile; fileRef = B665AEC529271C4B0068BD38 /* Settings.swift */; };
		B665AEC929271CFA0068BD38 /* ProductCardView.swift in Sources */ = {isa = PBXBuildFile; fileRef = B665AEC829271CFA0068BD38 /* ProductCardView.swift */; };
		B67CA67C2924C30000CDD168 /* HomeView.swift in Sources */ = {isa = PBXBuildFile; fileRef = B67CA67B2924C30000CDD168 /* HomeView.swift */; };
		B67CA67E2924C39500CDD168 /* ShopView.swift in Sources */ = {isa = PBXBuildFile; fileRef = B67CA67D2924C39500CDD168 /* ShopView.swift */; };
		B67CA6802924C3C600CDD168 /* CartView.swift in Sources */ = {isa = PBXBuildFile; fileRef = B67CA67F2924C3C600CDD168 /* CartView.swift */; };
		B67CA6822924C3F400CDD168 /* ProfileView.swift in Sources */ = {isa = PBXBuildFile; fileRef = B67CA6812924C3F400CDD168 /* ProfileView.swift */; };
		B6AF27732946AAB800780BB9 /* NewProductTextFieldStyle.swift in Sources */ = {isa = PBXBuildFile; fileRef = B6AF27722946AAB800780BB9 /* NewProductTextFieldStyle.swift */; };
/* End PBXBuildFile section */

/* Begin PBXFileReference section */
		B62EEADE29272EB9009CCB37 /* ProductDetailView.swift */ = {isa = PBXFileReference; lastKnownFileType = sourcecode.swift; path = ProductDetailView.swift; sourceTree = "<group>"; };
		B636B48C2924BCFA00C55953 /* OnlineShop.app */ = {isa = PBXFileReference; explicitFileType = wrapper.application; includeInIndex = 0; path = OnlineShop.app; sourceTree = BUILT_PRODUCTS_DIR; };
		B636B48F2924BCFA00C55953 /* OnlineShopApp.swift */ = {isa = PBXFileReference; lastKnownFileType = sourcecode.swift; path = OnlineShopApp.swift; sourceTree = "<group>"; };
		B636B4912924BCFA00C55953 /* OnlineShopView.swift */ = {isa = PBXFileReference; lastKnownFileType = sourcecode.swift; path = OnlineShopView.swift; sourceTree = "<group>"; };
		B636B4932924BCFC00C55953 /* Assets.xcassets */ = {isa = PBXFileReference; lastKnownFileType = folder.assetcatalog; path = Assets.xcassets; sourceTree = "<group>"; };
		B636B4962924BCFC00C55953 /* Preview Assets.xcassets */ = {isa = PBXFileReference; lastKnownFileType = folder.assetcatalog; path = "Preview Assets.xcassets"; sourceTree = "<group>"; };
		B636B49D2924BE6500C55953 /* ColorTheme.swift */ = {isa = PBXFileReference; lastKnownFileType = sourcecode.swift; path = ColorTheme.swift; sourceTree = "<group>"; };
		B64F7962292AFC44009D8897 /* GoogleService-Info.plist */ = {isa = PBXFileReference; fileEncoding = 4; lastKnownFileType = text.plist.xml; path = "GoogleService-Info.plist"; sourceTree = "<group>"; };
		B64F7964292AFC5C009D8897 /* ProductDataService.swift */ = {isa = PBXFileReference; lastKnownFileType = sourcecode.swift; path = ProductDataService.swift; sourceTree = "<group>"; };
		B64F7966292B1FAC009D8897 /* ProductImageService.swift */ = {isa = PBXFileReference; lastKnownFileType = sourcecode.swift; path = ProductImageService.swift; sourceTree = "<group>"; };
		B65E8FD92942E1C10021ADA5 /* DragButton.swift */ = {isa = PBXFileReference; lastKnownFileType = sourcecode.swift; path = DragButton.swift; sourceTree = "<group>"; };
		B65E8FDB2942FAA40021ADA5 /* UploadNewProductView.swift */ = {isa = PBXFileReference; lastKnownFileType = sourcecode.swift; path = UploadNewProductView.swift; sourceTree = "<group>"; };
		B665AEC1292718D20068BD38 /* ShopModel.swift */ = {isa = PBXFileReference; lastKnownFileType = sourcecode.swift; path = ShopModel.swift; sourceTree = "<group>"; };
		B665AEC32927196E0068BD38 /* ShopViewModel.swift */ = {isa = PBXFileReference; lastKnownFileType = sourcecode.swift; path = ShopViewModel.swift; sourceTree = "<group>"; };
		B665AEC529271C4B0068BD38 /* Settings.swift */ = {isa = PBXFileReference; lastKnownFileType = sourcecode.swift; path = Settings.swift; sourceTree = "<group>"; };
		B665AEC829271CFA0068BD38 /* ProductCardView.swift */ = {isa = PBXFileReference; lastKnownFileType = sourcecode.swift; path = ProductCardView.swift; sourceTree = "<group>"; };
		B67CA67B2924C30000CDD168 /* HomeView.swift */ = {isa = PBXFileReference; lastKnownFileType = sourcecode.swift; path = HomeView.swift; sourceTree = "<group>"; };
		B67CA67D2924C39500CDD168 /* ShopView.swift */ = {isa = PBXFileReference; lastKnownFileType = sourcecode.swift; path = ShopView.swift; sourceTree = "<group>"; };
		B67CA67F2924C3C600CDD168 /* CartView.swift */ = {isa = PBXFileReference; lastKnownFileType = sourcecode.swift; path = CartView.swift; sourceTree = "<group>"; };
		B67CA6812924C3F400CDD168 /* ProfileView.swift */ = {isa = PBXFileReference; lastKnownFileType = sourcecode.swift; path = ProfileView.swift; sourceTree = "<group>"; };
		B6AF27722946AAB800780BB9 /* NewProductTextFieldStyle.swift */ = {isa = PBXFileReference; lastKnownFileType = sourcecode.swift; path = NewProductTextFieldStyle.swift; sourceTree = "<group>"; };
/* End PBXFileReference section */

/* Begin PBXFrameworksBuildPhase section */
		B636B4892924BCFA00C55953 /* Frameworks */ = {
			isa = PBXFrameworksBuildPhase;
			buildActionMask = 2147483647;
			files = (
				B62EEAE229275D83009CCB37 /* FirebaseAuth in Frameworks */,
				B62EEAE429275D83009CCB37 /* FirebaseFirestore in Frameworks */,
				B62EEAE629275D83009CCB37 /* FirebaseStorage in Frameworks */,
			);
			runOnlyForDeploymentPostprocessing = 0;
		};
/* End PBXFrameworksBuildPhase section */

/* Begin PBXGroup section */
		B636B4832924BCFA00C55953 = {
			isa = PBXGroup;
			children = (
				B636B48E2924BCFA00C55953 /* OnlineShop */,
				B636B48D2924BCFA00C55953 /* Products */,
			);
			sourceTree = "<group>";
		};
		B636B48D2924BCFA00C55953 /* Products */ = {
			isa = PBXGroup;
			children = (
				B636B48C2924BCFA00C55953 /* OnlineShop.app */,
			);
			name = Products;
			sourceTree = "<group>";
		};
		B636B48E2924BCFA00C55953 /* OnlineShop */ = {
			isa = PBXGroup;
			children = (
				B64F7961292AFC2E009D8897 /* Services */,
				B636B48F2924BCFA00C55953 /* OnlineShopApp.swift */,
				B636B4912924BCFA00C55953 /* OnlineShopView.swift */,
				B665AEC0292718A00068BD38 /* Modules */,
				B67CA67A2924C2E600CDD168 /* Pages */,
				B636B4952924BCFC00C55953 /* Preview Content */,
				B636B4932924BCFC00C55953 /* Assets.xcassets */,
				B665AEC729271C4F0068BD38 /* Global */,
			);
			path = OnlineShop;
			sourceTree = "<group>";
		};
		B636B4952924BCFC00C55953 /* Preview Content */ = {
			isa = PBXGroup;
			children = (
				B636B4962924BCFC00C55953 /* Preview Assets.xcassets */,
			);
			path = "Preview Content";
			sourceTree = "<group>";
		};
		B64F7961292AFC2E009D8897 /* Services */ = {
			isa = PBXGroup;
			children = (
				B64F7962292AFC44009D8897 /* GoogleService-Info.plist */,
				B64F7964292AFC5C009D8897 /* ProductDataService.swift */,
				B64F7966292B1FAC009D8897 /* ProductImageService.swift */,
			);
			path = Services;
			sourceTree = "<group>";
		};
		B65E8FD72942D2C10021ADA5 /* Profile */ = {
			isa = PBXGroup;
			children = (
				B67CA6812924C3F400CDD168 /* ProfileView.swift */,
			);
			path = Profile;
			sourceTree = "<group>";
		};
		B65E8FD82942E1A40021ADA5 /* Components */ = {
			isa = PBXGroup;
			children = (
				B65E8FD92942E1C10021ADA5 /* DragButton.swift */,
			);
			path = Components;
			sourceTree = "<group>";
		};
		B665AEBF292718880068BD38 /* Shop */ = {
			isa = PBXGroup;
			children = (
				B665AEC1292718D20068BD38 /* ShopModel.swift */,
				B67CA67D2924C39500CDD168 /* ShopView.swift */,
				B665AEC32927196E0068BD38 /* ShopViewModel.swift */,
				B665AECA29271CFD0068BD38 /* Product */,
			);
			path = Shop;
			sourceTree = "<group>";
		};
		B665AEC0292718A00068BD38 /* Modules */ = {
			isa = PBXGroup;
			children = (
				B65E8FD72942D2C10021ADA5 /* Profile */,
				B665AEBF292718880068BD38 /* Shop */,
			);
			path = Modules;
			sourceTree = "<group>";
		};
		B665AEC729271C4F0068BD38 /* Global */ = {
			isa = PBXGroup;
			children = (
				B6AF27712946AA8900780BB9 /* Design */,
				B65E8FD82942E1A40021ADA5 /* Components */,
				B67CA6832924C43500CDD168 /* Extensions */,
				B665AEC529271C4B0068BD38 /* Settings.swift */,
			);
			path = Global;
			sourceTree = "<group>";
		};
		B665AECA29271CFD0068BD38 /* Product */ = {
			isa = PBXGroup;
			children = (
				B665AEC829271CFA0068BD38 /* ProductCardView.swift */,
				B62EEADE29272EB9009CCB37 /* ProductDetailView.swift */,
				B65E8FDB2942FAA40021ADA5 /* UploadNewProductView.swift */,
			);
			path = Product;
			sourceTree = "<group>";
		};
		B67CA67A2924C2E600CDD168 /* Pages */ = {
			isa = PBXGroup;
			children = (
				B67CA67B2924C30000CDD168 /* HomeView.swift */,
				B67CA67F2924C3C600CDD168 /* CartView.swift */,
			);
			path = Pages;
			sourceTree = "<group>";
		};
		B67CA6832924C43500CDD168 /* Extensions */ = {
			isa = PBXGroup;
			children = (
				B636B49D2924BE6500C55953 /* ColorTheme.swift */,
			);
			path = Extensions;
			sourceTree = "<group>";
		};
		B6AF27712946AA8900780BB9 /* Design */ = {
			isa = PBXGroup;
			children = (
				B6AF27722946AAB800780BB9 /* NewProductTextFieldStyle.swift */,
			);
			path = Design;
			sourceTree = "<group>";
		};
/* End PBXGroup section */

/* Begin PBXNativeTarget section */
		B636B48B2924BCFA00C55953 /* OnlineShop */ = {
			isa = PBXNativeTarget;
			buildConfigurationList = B636B49A2924BCFC00C55953 /* Build configuration list for PBXNativeTarget "OnlineShop" */;
			buildPhases = (
				B636B4882924BCFA00C55953 /* Sources */,
				B636B4892924BCFA00C55953 /* Frameworks */,
				B636B48A2924BCFA00C55953 /* Resources */,
			);
			buildRules = (
			);
			dependencies = (
			);
			name = OnlineShop;
			packageProductDependencies = (
				B62EEAE129275D83009CCB37 /* FirebaseAuth */,
				B62EEAE329275D83009CCB37 /* FirebaseFirestore */,
				B62EEAE529275D83009CCB37 /* FirebaseStorage */,
			);
			productName = OnlineShop;
			productReference = B636B48C2924BCFA00C55953 /* OnlineShop.app */;
			productType = "com.apple.product-type.application";
		};
/* End PBXNativeTarget section */

/* Begin PBXProject section */
		B636B4842924BCFA00C55953 /* Project object */ = {
			isa = PBXProject;
			attributes = {
				BuildIndependentTargetsInParallel = 1;
				LastSwiftUpdateCheck = 1410;
				LastUpgradeCheck = 1410;
				TargetAttributes = {
					B636B48B2924BCFA00C55953 = {
						CreatedOnToolsVersion = 14.1;
					};
				};
			};
			buildConfigurationList = B636B4872924BCFA00C55953 /* Build configuration list for PBXProject "OnlineShop" */;
			compatibilityVersion = "Xcode 14.0";
			developmentRegion = en;
			hasScannedForEncodings = 0;
			knownRegions = (
				en,
				Base,
			);
			mainGroup = B636B4832924BCFA00C55953;
			packageReferences = (
				B62EEAE029275D83009CCB37 /* XCRemoteSwiftPackageReference "firebase-ios-sdk" */,
			);
			productRefGroup = B636B48D2924BCFA00C55953 /* Products */;
			projectDirPath = "";
			projectRoot = "";
			targets = (
				B636B48B2924BCFA00C55953 /* OnlineShop */,
			);
		};
/* End PBXProject section */

/* Begin PBXResourcesBuildPhase section */
		B636B48A2924BCFA00C55953 /* Resources */ = {
			isa = PBXResourcesBuildPhase;
			buildActionMask = 2147483647;
			files = (
				B636B4972924BCFC00C55953 /* Preview Assets.xcassets in Resources */,
				B636B4942924BCFC00C55953 /* Assets.xcassets in Resources */,
				B64F7963292AFC44009D8897 /* GoogleService-Info.plist in Resources */,
			);
			runOnlyForDeploymentPostprocessing = 0;
		};
/* End PBXResourcesBuildPhase section */

/* Begin PBXSourcesBuildPhase section */
		B636B4882924BCFA00C55953 /* Sources */ = {
			isa = PBXSourcesBuildPhase;
			buildActionMask = 2147483647;
			files = (
				B65E8FDC2942FAA40021ADA5 /* UploadNewProductView.swift in Sources */,
				B67CA6802924C3C600CDD168 /* CartView.swift in Sources */,
				B65E8FDA2942E1C10021ADA5 /* DragButton.swift in Sources */,
				B636B49E2924BE6500C55953 /* ColorTheme.swift in Sources */,
				B67CA67C2924C30000CDD168 /* HomeView.swift in Sources */,
				B64F7965292AFC5C009D8897 /* ProductDataService.swift in Sources */,
				B636B4922924BCFA00C55953 /* OnlineShopView.swift in Sources */,
				B64F7967292B1FAC009D8897 /* ProductImageService.swift in Sources */,
				B665AEC629271C4B0068BD38 /* Settings.swift in Sources */,
				B62EEADF29272EB9009CCB37 /* ProductDetailView.swift in Sources */,
				B6AF27732946AAB800780BB9 /* NewProductTextFieldStyle.swift in Sources */,
				B67CA67E2924C39500CDD168 /* ShopView.swift in Sources */,
				B665AEC2292718D20068BD38 /* ShopModel.swift in Sources */,
				B67CA6822924C3F400CDD168 /* ProfileView.swift in Sources */,
				B636B4902924BCFA00C55953 /* OnlineShopApp.swift in Sources */,
				B665AEC929271CFA0068BD38 /* ProductCardView.swift in Sources */,
				B665AEC42927196E0068BD38 /* ShopViewModel.swift in Sources */,
			);
			runOnlyForDeploymentPostprocessing = 0;
		};
/* End PBXSourcesBuildPhase section */

/* Begin XCBuildConfiguration section */
		B636B4982924BCFC00C55953 /* Debug */ = {
			isa = XCBuildConfiguration;
			buildSettings = {
				ALWAYS_SEARCH_USER_PATHS = NO;
				CLANG_ANALYZER_NONNULL = YES;
				CLANG_ANALYZER_NUMBER_OBJECT_CONVERSION = YES_AGGRESSIVE;
				CLANG_CXX_LANGUAGE_STANDARD = "gnu++20";
				CLANG_ENABLE_MODULES = YES;
				CLANG_ENABLE_OBJC_ARC = YES;
				CLANG_ENABLE_OBJC_WEAK = YES;
				CLANG_WARN_BLOCK_CAPTURE_AUTORELEASING = YES;
				CLANG_WARN_BOOL_CONVERSION = YES;
				CLANG_WARN_COMMA = YES;
				CLANG_WARN_CONSTANT_CONVERSION = YES;
				CLANG_WARN_DEPRECATED_OBJC_IMPLEMENTATIONS = YES;
				CLANG_WARN_DIRECT_OBJC_ISA_USAGE = YES_ERROR;
				CLANG_WARN_DOCUMENTATION_COMMENTS = YES;
				CLANG_WARN_EMPTY_BODY = YES;
				CLANG_WARN_ENUM_CONVERSION = YES;
				CLANG_WARN_INFINITE_RECURSION = YES;
				CLANG_WARN_INT_CONVERSION = YES;
				CLANG_WARN_NON_LITERAL_NULL_CONVERSION = YES;
				CLANG_WARN_OBJC_IMPLICIT_RETAIN_SELF = YES;
				CLANG_WARN_OBJC_LITERAL_CONVERSION = YES;
				CLANG_WARN_OBJC_ROOT_CLASS = YES_ERROR;
				CLANG_WARN_QUOTED_INCLUDE_IN_FRAMEWORK_HEADER = YES;
				CLANG_WARN_RANGE_LOOP_ANALYSIS = YES;
				CLANG_WARN_STRICT_PROTOTYPES = YES;
				CLANG_WARN_SUSPICIOUS_MOVE = YES;
				CLANG_WARN_UNGUARDED_AVAILABILITY = YES_AGGRESSIVE;
				CLANG_WARN_UNREACHABLE_CODE = YES;
				CLANG_WARN__DUPLICATE_METHOD_MATCH = YES;
				COPY_PHASE_STRIP = NO;
				DEBUG_INFORMATION_FORMAT = dwarf;
				ENABLE_STRICT_OBJC_MSGSEND = YES;
				ENABLE_TESTABILITY = YES;
				GCC_C_LANGUAGE_STANDARD = gnu11;
				GCC_DYNAMIC_NO_PIC = NO;
				GCC_NO_COMMON_BLOCKS = YES;
				GCC_OPTIMIZATION_LEVEL = 0;
				GCC_PREPROCESSOR_DEFINITIONS = (
					"DEBUG=1",
					"$(inherited)",
				);
				GCC_WARN_64_TO_32_BIT_CONVERSION = YES;
				GCC_WARN_ABOUT_RETURN_TYPE = YES_ERROR;
				GCC_WARN_UNDECLARED_SELECTOR = YES;
				GCC_WARN_UNINITIALIZED_AUTOS = YES_AGGRESSIVE;
				GCC_WARN_UNUSED_FUNCTION = YES;
				GCC_WARN_UNUSED_VARIABLE = YES;
				IPHONEOS_DEPLOYMENT_TARGET = 16.1;
				MTL_ENABLE_DEBUG_INFO = INCLUDE_SOURCE;
				MTL_FAST_MATH = YES;
				ONLY_ACTIVE_ARCH = YES;
				SDKROOT = iphoneos;
				SWIFT_ACTIVE_COMPILATION_CONDITIONS = DEBUG;
				SWIFT_OPTIMIZATION_LEVEL = "-Onone";
			};
			name = Debug;
		};
		B636B4992924BCFC00C55953 /* Release */ = {
			isa = XCBuildConfiguration;
			buildSettings = {
				ALWAYS_SEARCH_USER_PATHS = NO;
				CLANG_ANALYZER_NONNULL = YES;
				CLANG_ANALYZER_NUMBER_OBJECT_CONVERSION = YES_AGGRESSIVE;
				CLANG_CXX_LANGUAGE_STANDARD = "gnu++20";
				CLANG_ENABLE_MODULES = YES;
				CLANG_ENABLE_OBJC_ARC = YES;
				CLANG_ENABLE_OBJC_WEAK = YES;
				CLANG_WARN_BLOCK_CAPTURE_AUTORELEASING = YES;
				CLANG_WARN_BOOL_CONVERSION = YES;
				CLANG_WARN_COMMA = YES;
				CLANG_WARN_CONSTANT_CONVERSION = YES;
				CLANG_WARN_DEPRECATED_OBJC_IMPLEMENTATIONS = YES;
				CLANG_WARN_DIRECT_OBJC_ISA_USAGE = YES_ERROR;
				CLANG_WARN_DOCUMENTATION_COMMENTS = YES;
				CLANG_WARN_EMPTY_BODY = YES;
				CLANG_WARN_ENUM_CONVERSION = YES;
				CLANG_WARN_INFINITE_RECURSION = YES;
				CLANG_WARN_INT_CONVERSION = YES;
				CLANG_WARN_NON_LITERAL_NULL_CONVERSION = YES;
				CLANG_WARN_OBJC_IMPLICIT_RETAIN_SELF = YES;
				CLANG_WARN_OBJC_LITERAL_CONVERSION = YES;
				CLANG_WARN_OBJC_ROOT_CLASS = YES_ERROR;
				CLANG_WARN_QUOTED_INCLUDE_IN_FRAMEWORK_HEADER = YES;
				CLANG_WARN_RANGE_LOOP_ANALYSIS = YES;
				CLANG_WARN_STRICT_PROTOTYPES = YES;
				CLANG_WARN_SUSPICIOUS_MOVE = YES;
				CLANG_WARN_UNGUARDED_AVAILABILITY = YES_AGGRESSIVE;
				CLANG_WARN_UNREACHABLE_CODE = YES;
				CLANG_WARN__DUPLICATE_METHOD_MATCH = YES;
				COPY_PHASE_STRIP = NO;
				DEBUG_INFORMATION_FORMAT = "dwarf-with-dsym";
				ENABLE_NS_ASSERTIONS = NO;
				ENABLE_STRICT_OBJC_MSGSEND = YES;
				GCC_C_LANGUAGE_STANDARD = gnu11;
				GCC_NO_COMMON_BLOCKS = YES;
				GCC_WARN_64_TO_32_BIT_CONVERSION = YES;
				GCC_WARN_ABOUT_RETURN_TYPE = YES_ERROR;
				GCC_WARN_UNDECLARED_SELECTOR = YES;
				GCC_WARN_UNINITIALIZED_AUTOS = YES_AGGRESSIVE;
				GCC_WARN_UNUSED_FUNCTION = YES;
				GCC_WARN_UNUSED_VARIABLE = YES;
				IPHONEOS_DEPLOYMENT_TARGET = 16.1;
				MTL_ENABLE_DEBUG_INFO = NO;
				MTL_FAST_MATH = YES;
				SDKROOT = iphoneos;
				SWIFT_COMPILATION_MODE = wholemodule;
				SWIFT_OPTIMIZATION_LEVEL = "-O";
				VALIDATE_PRODUCT = YES;
			};
			name = Release;
		};
		B636B49B2924BCFC00C55953 /* Debug */ = {
			isa = XCBuildConfiguration;
			buildSettings = {
				ASSETCATALOG_COMPILER_APPICON_NAME = AppIcon;
				ASSETCATALOG_COMPILER_GLOBAL_ACCENT_COLOR_NAME = AccentColor;
				CODE_SIGN_STYLE = Automatic;
				CURRENT_PROJECT_VERSION = 1;
				DEVELOPMENT_ASSET_PATHS = "\"OnlineShop/Preview Content\"";
				DEVELOPMENT_TEAM = RLHD79M27Z;
				ENABLE_PREVIEWS = YES;
				GENERATE_INFOPLIST_FILE = YES;
				INFOPLIST_KEY_UIApplicationSceneManifest_Generation = YES;
				INFOPLIST_KEY_UIApplicationSupportsIndirectInputEvents = YES;
				INFOPLIST_KEY_UILaunchScreen_Generation = YES;
				INFOPLIST_KEY_UISupportedInterfaceOrientations_iPad = "UIInterfaceOrientationPortrait UIInterfaceOrientationPortraitUpsideDown UIInterfaceOrientationLandscapeLeft UIInterfaceOrientationLandscapeRight";
				INFOPLIST_KEY_UISupportedInterfaceOrientations_iPhone = "UIInterfaceOrientationPortrait UIInterfaceOrientationLandscapeLeft UIInterfaceOrientationLandscapeRight";
				LD_RUNPATH_SEARCH_PATHS = (
					"$(inherited)",
					"@executable_path/Frameworks",
				);
				MARKETING_VERSION = 1.0;
				PRODUCT_BUNDLE_IDENTIFIER = com.demo.OnlineShop;
				PRODUCT_NAME = "$(TARGET_NAME)";
				SWIFT_EMIT_LOC_STRINGS = YES;
				SWIFT_VERSION = 5.0;
				TARGETED_DEVICE_FAMILY = "1,2";
			};
			name = Debug;
		};
		B636B49C2924BCFC00C55953 /* Release */ = {
			isa = XCBuildConfiguration;
			buildSettings = {
				ASSETCATALOG_COMPILER_APPICON_NAME = AppIcon;
				ASSETCATALOG_COMPILER_GLOBAL_ACCENT_COLOR_NAME = AccentColor;
				CODE_SIGN_STYLE = Automatic;
				CURRENT_PROJECT_VERSION = 1;
				DEVELOPMENT_ASSET_PATHS = "\"OnlineShop/Preview Content\"";
				DEVELOPMENT_TEAM = RLHD79M27Z;
				ENABLE_PREVIEWS = YES;
				GENERATE_INFOPLIST_FILE = YES;
				INFOPLIST_KEY_UIApplicationSceneManifest_Generation = YES;
				INFOPLIST_KEY_UIApplicationSupportsIndirectInputEvents = YES;
				INFOPLIST_KEY_UILaunchScreen_Generation = YES;
				INFOPLIST_KEY_UISupportedInterfaceOrientations_iPad = "UIInterfaceOrientationPortrait UIInterfaceOrientationPortraitUpsideDown UIInterfaceOrientationLandscapeLeft UIInterfaceOrientationLandscapeRight";
				INFOPLIST_KEY_UISupportedInterfaceOrientations_iPhone = "UIInterfaceOrientationPortrait UIInterfaceOrientationLandscapeLeft UIInterfaceOrientationLandscapeRight";
				LD_RUNPATH_SEARCH_PATHS = (
					"$(inherited)",
					"@executable_path/Frameworks",
				);
				MARKETING_VERSION = 1.0;
				PRODUCT_BUNDLE_IDENTIFIER = com.demo.OnlineShop;
				PRODUCT_NAME = "$(TARGET_NAME)";
				SWIFT_EMIT_LOC_STRINGS = YES;
				SWIFT_VERSION = 5.0;
				TARGETED_DEVICE_FAMILY = "1,2";
			};
			name = Release;
		};
/* End XCBuildConfiguration section */

/* Begin XCConfigurationList section */
		B636B4872924BCFA00C55953 /* Build configuration list for PBXProject "OnlineShop" */ = {
			isa = XCConfigurationList;
			buildConfigurations = (
				B636B4982924BCFC00C55953 /* Debug */,
				B636B4992924BCFC00C55953 /* Release */,
			);
			defaultConfigurationIsVisible = 0;
			defaultConfigurationName = Release;
		};
		B636B49A2924BCFC00C55953 /* Build configuration list for PBXNativeTarget "OnlineShop" */ = {
			isa = XCConfigurationList;
			buildConfigurations = (
				B636B49B2924BCFC00C55953 /* Debug */,
				B636B49C2924BCFC00C55953 /* Release */,
			);
			defaultConfigurationIsVisible = 0;
			defaultConfigurationName = Release;
		};
/* End XCConfigurationList section */

/* Begin XCRemoteSwiftPackageReference section */
		B62EEAE029275D83009CCB37 /* XCRemoteSwiftPackageReference "firebase-ios-sdk" */ = {
			isa = XCRemoteSwiftPackageReference;
			repositoryURL = "https://github.com/firebase/firebase-ios-sdk.git";
			requirement = {
				branch = master;
				kind = branch;
			};
		};
/* End XCRemoteSwiftPackageReference section */

/* Begin XCSwiftPackageProductDependency section */
		B62EEAE129275D83009CCB37 /* FirebaseAuth */ = {
			isa = XCSwiftPackageProductDependency;
			package = B62EEAE029275D83009CCB37 /* XCRemoteSwiftPackageReference "firebase-ios-sdk" */;
			productName = FirebaseAuth;
		};
		B62EEAE329275D83009CCB37 /* FirebaseFirestore */ = {
			isa = XCSwiftPackageProductDependency;
			package = B62EEAE029275D83009CCB37 /* XCRemoteSwiftPackageReference "firebase-ios-sdk" */;
			productName = FirebaseFirestore;
		};
		B62EEAE529275D83009CCB37 /* FirebaseStorage */ = {
			isa = XCSwiftPackageProductDependency;
			package = B62EEAE029275D83009CCB37 /* XCRemoteSwiftPackageReference "firebase-ios-sdk" */;
			productName = FirebaseStorage;
		};
/* End XCSwiftPackageProductDependency section */
	};
	rootObject = B636B4842924BCFA00C55953 /* Project object */;
}
